
Microsoft Visual Studio Solution File, Format Version 12.00
# Visual Studio Version 16
VisualStudioVersion = 16.0.31321.278
MinimumVisualStudioVersion = 10.0.40219.1
Project("{2150E333-8FDC-42A3-9474-1A3956D46DE8}") = "Tools", "Tools", "{F5DCBFA2-B438-4CD0-A67F-6D329451598C}"
EndProject
Project("{9A19103F-16F7-4668-BE54-9A1E7A4F7556}") = "Ungelify", "src\Tools\Ungelify\Ungelify.csproj", "{09CC8B05-E45D-4B40-A44B-EFF68238F95F}"
EndProject
Project("{9A19103F-16F7-4668-BE54-9A1E7A4F7556}") = "SciAdvNet.Vfs", "src\SciAdvNet.Vfs\SciAdvNet.Vfs.csproj", "{57C40F3D-568E-4055-B1B2-534740324D32}"
EndProject
Project("{2150E333-8FDC-42A3-9474-1A3956D46DE8}") = "src", "src", "{33D617FD-895B-4247-8FE5-C0FC78FEAB20}"
EndProject
Global
	GlobalSection(SolutionConfigurationPlatforms) = preSolution
		Debug|Any CPU = Debug|Any CPU
		Debug|ARM = Debug|ARM
		Debug|x64 = Debug|x64
		Debug|x86 = Debug|x86
		Release|Any CPU = Release|Any CPU
		Release|ARM = Release|ARM
		Release|x64 = Release|x64
		Release|x86 = Release|x86
	EndGlobalSection
	GlobalSection(ProjectConfigurationPlatforms) = postSolution
		{09CC8B05-E45D-4B40-A44B-EFF68238F95F}.Debug|Any CPU.ActiveCfg = Debug|Any CPU
		{09CC8B05-E45D-4B40-A44B-EFF68238F95F}.Debug|Any CPU.Build.0 = Debug|Any CPU
		{09CC8B05-E45D-4B40-A44B-EFF68238F95F}.Debug|ARM.ActiveCfg = Debug|Any CPU
		{09CC8B05-E45D-4B40-A44B-EFF68238F95F}.Debug|ARM.Build.0 = Debug|Any CPU
		{09CC8B05-E45D-4B40-A44B-EFF68238F95F}.Debug|x64.ActiveCfg = Debug|Any CPU
		{09CC8B05-E45D-4B40-A44B-EFF68238F95F}.Debug|x64.Build.0 = Debug|Any CPU
		{09CC8B05-E45D-4B40-A44B-EFF68238F95F}.Debug|x86.ActiveCfg = Debug|Any CPU
		{09CC8B05-E45D-4B40-A44B-EFF68238F95F}.Debug|x86.Build.0 = Debug|Any CPU
		{09CC8B05-E45D-4B40-A44B-EFF68238F95F}.Release|Any CPU.ActiveCfg = Release|Any CPU
		{09CC8B05-E45D-4B40-A44B-EFF68238F95F}.Release|Any CPU.Build.0 = Release|Any CPU
		{09CC8B05-E45D-4B40-A44B-EFF68238F95F}.Release|ARM.ActiveCfg = Release|Any CPU
		{09CC8B05-E45D-4B40-A44B-EFF68238F95F}.Release|ARM.Build.0 = Release|Any CPU
		{09CC8B05-E45D-4B40-A44B-EFF68238F95F}.Release|x64.ActiveCfg = Release|Any CPU
		{09CC8B05-E45D-4B40-A44B-EFF68238F95F}.Release|x64.Build.0 = Release|Any CPU
		{09CC8B05-E45D-4B40-A44B-EFF68238F95F}.Release|x86.ActiveCfg = Release|Any CPU
		{09CC8B05-E45D-4B40-A44B-EFF68238F95F}.Release|x86.Build.0 = Release|Any CPU
		{57C40F3D-568E-4055-B1B2-534740324D32}.Debug|Any CPU.ActiveCfg = Debug|Any CPU
		{57C40F3D-568E-4055-B1B2-534740324D32}.Debug|Any CPU.Build.0 = Debug|Any CPU
		{57C40F3D-568E-4055-B1B2-534740324D32}.Debug|ARM.ActiveCfg = Debug|Any CPU
		{57C40F3D-568E-4055-B1B2-534740324D32}.Debug|ARM.Build.0 = Debug|Any CPU
		{57C40F3D-568E-4055-B1B2-534740324D32}.Debug|x64.ActiveCfg = Debug|Any CPU
		{57C40F3D-568E-4055-B1B2-534740324D32}.Debug|x64.Build.0 = Debug|Any CPU
		{57C40F3D-568E-4055-B1B2-534740324D32}.Debug|x86.ActiveCfg = Debug|Any CPU
		{57C40F3D-568E-4055-B1B2-534740324D32}.Debug|x86.Build.0 = Debug|Any CPU
		{57C40F3D-568E-4055-B1B2-534740324D32}.Release|Any CPU.ActiveCfg = Release|Any CPU
		{57C40F3D-568E-4055-B1B2-534740324D32}.Release|Any CPU.Build.0 = Release|Any CPU
		{57C40F3D-568E-4055-B1B2-534740324D32}.Release|ARM.ActiveCfg = Release|Any CPU
		{57C40F3D-568E-4055-B1B2-534740324D32}.Release|ARM.Build.0 = Release|Any CPU
		{57C40F3D-568E-4055-B1B2-534740324D32}.Release|x64.ActiveCfg = Release|Any CPU
		{57C40F3D-568E-4055-B1B2-534740324D32}.Release|x64.Build.0 = Release|Any CPU
		{57C40F3D-568E-4055-B1B2-534740324D32}.Release|x86.ActiveCfg = Release|Any CPU
		{57C40F3D-568E-4055-B1B2-534740324D32}.Release|x86.Build.0 = Release|Any CPU
	EndGlobalSection
	GlobalSection(SolutionProperties) = preSolution
		HideSolutionNode = FALSE
	EndGlobalSection
	GlobalSection(NestedProjects) = preSolution
		{F5DCBFA2-B438-4CD0-A67F-6D329451598C} = {33D617FD-895B-4247-8FE5-C0FC78FEAB20}
		{09CC8B05-E45D-4B40-A44B-EFF68238F95F} = {F5DCBFA2-B438-4CD0-A67F-6D329451598C}
		{57C40F3D-568E-4055-B1B2-534740324D32} = {33D617FD-895B-4247-8FE5-C0FC78FEAB20}
	EndGlobalSection
	GlobalSection(ExtensibilityGlobals) = postSolution
		SolutionGuid = {1AC24F55-03B1-41AF-99E3-4751C7BF6873}
	EndGlobalSection
EndGlobal
